
Microsoft Visual Studio Solution File, Format Version 12.00
# Visual Studio Version 17
VisualStudioVersion = 17.4.33122.133
MinimumVisualStudioVersion = 10.0.40219.1
Project("{FAE04EC0-301F-11D3-BF4B-00C04F79EFBC}") = "ForkKnights", "ForkKnights.csproj", "{AC7A3E18-BE27-4F1B-A86B-F4599D65C04D}"
EndProject
Global
	GlobalSection(SolutionConfigurationPlatforms) = preSolution
		Debug|Any CPU = Debug|Any CPU
		Release|Any CPU = Release|Any CPU
	EndGlobalSection
	GlobalSection(ProjectConfigurationPlatforms) = postSolution
		{AC7A3E18-BE27-4F1B-A86B-F4599D65C04D}.Debug|Any CPU.ActiveCfg = Debug|Any CPU
		{AC7A3E18-BE27-4F1B-A86B-F4599D65C04D}.Debug|Any CPU.Build.0 = Debug|Any CPU
		{AC7A3E18-BE27-4F1B-A86B-F4599D65C04D}.Release|Any CPU.ActiveCfg = Release|Any CPU
		{AC7A3E18-BE27-4F1B-A86B-F4599D65C04D}.Release|Any CPU.Build.0 = Release|Any CPU
	EndGlobalSection
	GlobalSection(SolutionProperties) = preSolution
		HideSolutionNode = FALSE
	EndGlobalSection
	GlobalSection(ExtensibilityGlobals) = postSolution
		SolutionGuid = {75192A4A-2D34-4304-86DE-CB501972643C}
	EndGlobalSection
EndGlobal
